<?xml version="1.0" encoding="utf-8"?>
<Project ToolsVersion="4.0" xmlns="http://schemas.microsoft.com/developer/msbuild/2003">
  <ItemGroup>
    <Filter Include="Include">
      <UniqueIdentifier>{43BB7CB8-8D4A-5D4A-AFE3-2206A2315204}</UniqueIdentifier>
    </Filter>
    <Filter Include="Source">
      <UniqueIdentifier>{CFA558AF-64D3-BF48-925A-6C51175541FE}</UniqueIdentifier>
    </Filter>
  </ItemGroup>
  <ItemGroup>
    <ClInclude Include="Include\DetourTileCache.h">
      <Filter>Include</Filter>
    </ClInclude>
    <ClInclude Include="Include\DetourTileCacheBuilder.h">
      <Filter>Include</Filter>
    </ClInclude>
  </ItemGroup>
  <ItemGroup>
    <ClCompile Include="Source\DetourTileCache.cpp">
      <Filter>Source</Filter>
    </ClCompile>
    <ClCompile Include="Source\DetourTileCacheBuilder.cpp">
      <Filter>Source</Filter>
    </ClCompile>
  </ItemGroup>
</Project>